
Microsoft Visual Studio Solution File, Format Version 12.00
# Visual Studio Version 17
VisualStudioVersion = 17.13.35825.156 d17.13
MinimumVisualStudioVersion = 10.0.40219.1
Project("{FAE04EC0-301F-11D3-BF4B-00C04F79EFBC}") = "REST_API", "REST_API\REST_API.csproj", "{8994C052-35D4-4699-B106-5B22E801ED98}"
EndProject
Global
	GlobalSection(SolutionConfigurationPlatforms) = preSolution
		Debug|Any CPU = Debug|Any CPU
		Release|Any CPU = Release|Any CPU
	EndGlobalSection
	GlobalSection(ProjectConfigurationPlatforms) = postSolution
		{8994C052-35D4-4699-B106-5B22E801ED98}.Debug|Any CPU.ActiveCfg = Debug|Any CPU
		{8994C052-35D4-4699-B106-5B22E801ED98}.Debug|Any CPU.Build.0 = Debug|Any CPU
		{8994C052-35D4-4699-B106-5B22E801ED98}.Release|Any CPU.ActiveCfg = Release|Any CPU
		{8994C052-35D4-4699-B106-5B22E801ED98}.Release|Any CPU.Build.0 = Release|Any CPU
	EndGlobalSection
	GlobalSection(SolutionProperties) = preSolution
		HideSolutionNode = FALSE
	EndGlobalSection
	GlobalSection(ExtensibilityGlobals) = postSolution
		SolutionGuid = {997F3D2D-2FC3-4D1A-99AF-DB5DF98CD4C8}
	EndGlobalSection
EndGlobal
